// !$*UTF8*$!
{
	archiveVersion = 1;
	classes = {
	};
	objectVersion = 56;
	objects = {

/* Begin PBXBuildFile section */
		0CBABCD1298C5FC7005CC945 /* AppDelegate.swift in Sources */ = {isa = PBXBuildFile; fileRef = 0CBABCD0298C5FC7005CC945 /* AppDelegate.swift */; };
		0CBABCD3298C5FC7005CC945 /* SceneDelegate.swift in Sources */ = {isa = PBXBuildFile; fileRef = 0CBABCD2298C5FC7005CC945 /* SceneDelegate.swift */; };
		0CBABCD8298C5FC7005CC945 /* Main.storyboard in Resources */ = {isa = PBXBuildFile; fileRef = 0CBABCD6298C5FC7005CC945 /* Main.storyboard */; };
		0CBABCDA298C5FC9005CC945 /* Assets.xcassets in Resources */ = {isa = PBXBuildFile; fileRef = 0CBABCD9298C5FC9005CC945 /* Assets.xcassets */; };
		0CBABCDD298C5FC9005CC945 /* LaunchScreen.storyboard in Resources */ = {isa = PBXBuildFile; fileRef = 0CBABCDB298C5FC9005CC945 /* LaunchScreen.storyboard */; };
		0CBABCE5298C786B005CC945 /* Chess.swift in Sources */ = {isa = PBXBuildFile; fileRef = 0CBABCE4298C786B005CC945 /* Chess.swift */; };
		0CBABCE7298C7B4B005CC945 /* ChessViewController.swift in Sources */ = {isa = PBXBuildFile; fileRef = 0CBABCE6298C7B4B005CC945 /* ChessViewController.swift */; };
		0CBABCE9298C84E2005CC945 /* ChessController.swift in Sources */ = {isa = PBXBuildFile; fileRef = 0CBABCE8298C84E2005CC945 /* ChessController.swift */; };
/* End PBXBuildFile section */

/* Begin PBXFileReference section */
		0CBABCCD298C5FC7005CC945 /* CheckersApp.app */ = {isa = PBXFileReference; explicitFileType = wrapper.application; includeInIndex = 0; path = CheckersApp.app; sourceTree = BUILT_PRODUCTS_DIR; };
		0CBABCD0298C5FC7005CC945 /* AppDelegate.swift */ = {isa = PBXFileReference; lastKnownFileType = sourcecode.swift; path = AppDelegate.swift; sourceTree = "<group>"; };
		0CBABCD2298C5FC7005CC945 /* SceneDelegate.swift */ = {isa = PBXFileReference; lastKnownFileType = sourcecode.swift; path = SceneDelegate.swift; sourceTree = "<group>"; };
		0CBABCD7298C5FC7005CC945 /* Base */ = {isa = PBXFileReference; lastKnownFileType = file.storyboard; name = Base; path = Base.lproj/Main.storyboard; sourceTree = "<group>"; };
		0CBABCD9298C5FC9005CC945 /* Assets.xcassets */ = {isa = PBXFileReference; lastKnownFileType = folder.assetcatalog; path = Assets.xcassets; sourceTree = "<group>"; };
		0CBABCDC298C5FC9005CC945 /* Base */ = {isa = PBXFileReference; lastKnownFileType = file.storyboard; name = Base; path = Base.lproj/LaunchScreen.storyboard; sourceTree = "<group>"; };
		0CBABCDE298C5FC9005CC945 /* Info.plist */ = {isa = PBXFileReference; lastKnownFileType = text.plist.xml; path = Info.plist; sourceTree = "<group>"; };
		0CBABCE4298C786B005CC945 /* Chess.swift */ = {isa = PBXFileReference; lastKnownFileType = sourcecode.swift; path = Chess.swift; sourceTree = "<group>"; };
		0CBABCE6298C7B4B005CC945 /* ChessViewController.swift */ = {isa = PBXFileReference; lastKnownFileType = sourcecode.swift; path = ChessViewController.swift; sourceTree = "<group>"; };
		0CBABCE8298C84E2005CC945 /* ChessController.swift */ = {isa = PBXFileReference; lastKnownFileType = sourcecode.swift; path = ChessController.swift; sourceTree = "<group>"; };
/* End PBXFileReference section */

/* Begin PBXFrameworksBuildPhase section */
		0CBABCCA298C5FC7005CC945 /* Frameworks */ = {
			isa = PBXFrameworksBuildPhase;
			buildActionMask = 2147483647;
			files = (
			);
			runOnlyForDeploymentPostprocessing = 0;
		};
/* End PBXFrameworksBuildPhase section */

/* Begin PBXGroup section */
		0CBABCC4298C5FC7005CC945 = {
			isa = PBXGroup;
			children = (
				0CBABCCF298C5FC7005CC945 /* CheckersApp */,
				0CBABCCE298C5FC7005CC945 /* Products */,
			);
			sourceTree = "<group>";
		};
		0CBABCCE298C5FC7005CC945 /* Products */ = {
			isa = PBXGroup;
			children = (
				0CBABCCD298C5FC7005CC945 /* CheckersApp.app */,
			);
			name = Products;
			sourceTree = "<group>";
		};
		0CBABCCF298C5FC7005CC945 /* CheckersApp */ = {
			isa = PBXGroup;
			children = (
				0CBABCEA298CA19C005CC945 /* Resources */,
				0CBABCE4298C786B005CC945 /* Chess.swift */,
				0CBABCE8298C84E2005CC945 /* ChessController.swift */,
				0CBABCE6298C7B4B005CC945 /* ChessViewController.swift */,
				0CBABCDE298C5FC9005CC945 /* Info.plist */,
			);
			path = CheckersApp;
			sourceTree = "<group>";
		};
		0CBABCEA298CA19C005CC945 /* Resources */ = {
			isa = PBXGroup;
			children = (
				0CBABCD0298C5FC7005CC945 /* AppDelegate.swift */,
				0CBABCD2298C5FC7005CC945 /* SceneDelegate.swift */,
				0CBABCD6298C5FC7005CC945 /* Main.storyboard */,
				0CBABCD9298C5FC9005CC945 /* Assets.xcassets */,
				0CBABCDB298C5FC9005CC945 /* LaunchScreen.storyboard */,
			);
			path = Resources;
			sourceTree = "<group>";
		};
/* End PBXGroup section */

/* Begin PBXNativeTarget section */
		0CBABCCC298C5FC7005CC945 /* CheckersApp */ = {
			isa = PBXNativeTarget;
			buildConfigurationList = 0CBABCE1298C5FC9005CC945 /* Build configuration list for PBXNativeTarget "CheckersApp" */;
			buildPhases = (
				0CBABCC9298C5FC7005CC945 /* Sources */,
				0CBABCCA298C5FC7005CC945 /* Frameworks */,
				0CBABCCB298C5FC7005CC945 /* Resources */,
			);
			buildRules = (
			);
			dependencies = (
			);
			name = CheckersApp;
			productName = CheckersApp;
			productReference = 0CBABCCD298C5FC7005CC945 /* CheckersApp.app */;
			productType = "com.apple.product-type.application";
		};
/* End PBXNativeTarget section */

/* Begin PBXProject section */
		0CBABCC5298C5FC7005CC945 /* Project object */ = {
			isa = PBXProject;
			attributes = {
				BuildIndependentTargetsInParallel = 1;
				LastSwiftUpdateCheck = 1400;
				LastUpgradeCheck = 1400;
				TargetAttributes = {
					0CBABCCC298C5FC7005CC945 = {
						CreatedOnToolsVersion = 14.0;
					};
				};
			};
			buildConfigurationList = 0CBABCC8298C5FC7005CC945 /* Build configuration list for PBXProject "CheckersApp" */;
			compatibilityVersion = "Xcode 14.0";
			developmentRegion = en;
			hasScannedForEncodings = 0;
			knownRegions = (
				en,
				Base,
			);
			mainGroup = 0CBABCC4298C5FC7005CC945;
			productRefGroup = 0CBABCCE298C5FC7005CC945 /* Products */;
			projectDirPath = "";
			projectRoot = "";
			targets = (
				0CBABCCC298C5FC7005CC945 /* CheckersApp */,
			);
		};
/* End PBXProject section */

/* Begin PBXResourcesBuildPhase section */
		0CBABCCB298C5FC7005CC945 /* Resources */ = {
			isa = PBXResourcesBuildPhase;
			buildActionMask = 2147483647;
			files = (
				0CBABCDD298C5FC9005CC945 /* LaunchScreen.storyboard in Resources */,
				0CBABCDA298C5FC9005CC945 /* Assets.xcassets in Resources */,
				0CBABCD8298C5FC7005CC945 /* Main.storyboard in Resources */,
			);
			runOnlyForDeploymentPostprocessing = 0;
		};
/* End PBXResourcesBuildPhase section */

/* Begin PBXSourcesBuildPhase section */
		0CBABCC9298C5FC7005CC945 /* Sources */ = {
			isa = PBXSourcesBuildPhase;
			buildActionMask = 2147483647;
			files = (
				0CBABCE9298C84E2005CC945 /* ChessController.swift in Sources */,
				0CBABCE5298C786B005CC945 /* Chess.swift in Sources */,
				0CBABCD1298C5FC7005CC945 /* AppDelegate.swift in Sources */,
				0CBABCE7298C7B4B005CC945 /* ChessViewController.swift in Sources */,
				0CBABCD3298C5FC7005CC945 /* SceneDelegate.swift in Sources */,
			);
			runOnlyForDeploymentPostprocessing = 0;
		};
/* End PBXSourcesBuildPhase section */

/* Begin PBXVariantGroup section */
		0CBABCD6298C5FC7005CC945 /* Main.storyboard */ = {
			isa = PBXVariantGroup;
			children = (
				0CBABCD7298C5FC7005CC945 /* Base */,
			);
			name = Main.storyboard;
			sourceTree = "<group>";
		};
		0CBABCDB298C5FC9005CC945 /* LaunchScreen.storyboard */ = {
			isa = PBXVariantGroup;
			children = (
				0CBABCDC298C5FC9005CC945 /* Base */,
			);
			name = LaunchScreen.storyboard;
			sourceTree = "<group>";
		};
/* End PBXVariantGroup section */

/* Begin XCBuildConfiguration section */
		0CBABCDF298C5FC9005CC945 /* Debug */ = {
			isa = XCBuildConfiguration;
			buildSettings = {
				ALWAYS_SEARCH_USER_PATHS = NO;
				CLANG_ANALYZER_NONNULL = YES;
				CLANG_ANALYZER_NUMBER_OBJECT_CONVERSION = YES_AGGRESSIVE;
				CLANG_CXX_LANGUAGE_STANDARD = "gnu++20";
				CLANG_ENABLE_MODULES = YES;
				CLANG_ENABLE_OBJC_ARC = YES;
				CLANG_ENABLE_OBJC_WEAK = YES;
				CLANG_WARN_BLOCK_CAPTURE_AUTORELEASING = YES;
				CLANG_WARN_BOOL_CONVERSION = YES;
				CLANG_WARN_COMMA = YES;
				CLANG_WARN_CONSTANT_CONVERSION = YES;
				CLANG_WARN_DEPRECATED_OBJC_IMPLEMENTATIONS = YES;
				CLANG_WARN_DIRECT_OBJC_ISA_USAGE = YES_ERROR;
				CLANG_WARN_DOCUMENTATION_COMMENTS = YES;
				CLANG_WARN_EMPTY_BODY = YES;
				CLANG_WARN_ENUM_CONVERSION = YES;
				CLANG_WARN_INFINITE_RECURSION = YES;
				CLANG_WARN_INT_CONVERSION = YES;
				CLANG_WARN_NON_LITERAL_NULL_CONVERSION = YES;
				CLANG_WARN_OBJC_IMPLICIT_RETAIN_SELF = YES;
				CLANG_WARN_OBJC_LITERAL_CONVERSION = YES;
				CLANG_WARN_OBJC_ROOT_CLASS = YES_ERROR;
				CLANG_WARN_QUOTED_INCLUDE_IN_FRAMEWORK_HEADER = YES;
				CLANG_WARN_RANGE_LOOP_ANALYSIS = YES;
				CLANG_WARN_STRICT_PROTOTYPES = YES;
				CLANG_WARN_SUSPICIOUS_MOVE = YES;
				CLANG_WARN_UNGUARDED_AVAILABILITY = YES_AGGRESSIVE;
				CLANG_WARN_UNREACHABLE_CODE = YES;
				CLANG_WARN__DUPLICATE_METHOD_MATCH = YES;
				COPY_PHASE_STRIP = NO;
				DEBUG_INFORMATION_FORMAT = dwarf;
				ENABLE_STRICT_OBJC_MSGSEND = YES;
				ENABLE_TESTABILITY = YES;
				GCC_C_LANGUAGE_STANDARD = gnu11;
				GCC_DYNAMIC_NO_PIC = NO;
				GCC_NO_COMMON_BLOCKS = YES;
				GCC_OPTIMIZATION_LEVEL = 0;
				GCC_PREPROCESSOR_DEFINITIONS = (
					"DEBUG=1",
					"$(inherited)",
				);
				GCC_WARN_64_TO_32_BIT_CONVERSION = YES;
				GCC_WARN_ABOUT_RETURN_TYPE = YES_ERROR;
				GCC_WARN_UNDECLARED_SELECTOR = YES;
				GCC_WARN_UNINITIALIZED_AUTOS = YES_AGGRESSIVE;
				GCC_WARN_UNUSED_FUNCTION = YES;
				GCC_WARN_UNUSED_VARIABLE = YES;
				IPHONEOS_DEPLOYMENT_TARGET = 16.0;
				MTL_ENABLE_DEBUG_INFO = INCLUDE_SOURCE;
				MTL_FAST_MATH = YES;
				ONLY_ACTIVE_ARCH = YES;
				SDKROOT = iphoneos;
				SWIFT_ACTIVE_COMPILATION_CONDITIONS = DEBUG;
				SWIFT_OPTIMIZATION_LEVEL = "-Onone";
			};
			name = Debug;
		};
		0CBABCE0298C5FC9005CC945 /* Release */ = {
			isa = XCBuildConfiguration;
			buildSettings = {
				ALWAYS_SEARCH_USER_PATHS = NO;
				CLANG_ANALYZER_NONNULL = YES;
				CLANG_ANALYZER_NUMBER_OBJECT_CONVERSION = YES_AGGRESSIVE;
				CLANG_CXX_LANGUAGE_STANDARD = "gnu++20";
				CLANG_ENABLE_MODULES = YES;
				CLANG_ENABLE_OBJC_ARC = YES;
				CLANG_ENABLE_OBJC_WEAK = YES;
				CLANG_WARN_BLOCK_CAPTURE_AUTORELEASING = YES;
				CLANG_WARN_BOOL_CONVERSION = YES;
				CLANG_WARN_COMMA = YES;
				CLANG_WARN_CONSTANT_CONVERSION = YES;
				CLANG_WARN_DEPRECATED_OBJC_IMPLEMENTATIONS = YES;
				CLANG_WARN_DIRECT_OBJC_ISA_USAGE = YES_ERROR;
				CLANG_WARN_DOCUMENTATION_COMMENTS = YES;
				CLANG_WARN_EMPTY_BODY = YES;
				CLANG_WARN_ENUM_CONVERSION = YES;
				CLANG_WARN_INFINITE_RECURSION = YES;
				CLANG_WARN_INT_CONVERSION = YES;
				CLANG_WARN_NON_LITERAL_NULL_CONVERSION = YES;
				CLANG_WARN_OBJC_IMPLICIT_RETAIN_SELF = YES;
				CLANG_WARN_OBJC_LITERAL_CONVERSION = YES;
				CLANG_WARN_OBJC_ROOT_CLASS = YES_ERROR;
				CLANG_WARN_QUOTED_INCLUDE_IN_FRAMEWORK_HEADER = YES;
				CLANG_WARN_RANGE_LOOP_ANALYSIS = YES;
				CLANG_WARN_STRICT_PROTOTYPES = YES;
				CLANG_WARN_SUSPICIOUS_MOVE = YES;
				CLANG_WARN_UNGUARDED_AVAILABILITY = YES_AGGRESSIVE;
				CLANG_WARN_UNREACHABLE_CODE = YES;
				CLANG_WARN__DUPLICATE_METHOD_MATCH = YES;
				COPY_PHASE_STRIP = NO;
				DEBUG_INFORMATION_FORMAT = "dwarf-with-dsym";
				ENABLE_NS_ASSERTIONS = NO;
				ENABLE_STRICT_OBJC_MSGSEND = YES;
				GCC_C_LANGUAGE_STANDARD = gnu11;
				GCC_NO_COMMON_BLOCKS = YES;
				GCC_WARN_64_TO_32_BIT_CONVERSION = YES;
				GCC_WARN_ABOUT_RETURN_TYPE = YES_ERROR;
				GCC_WARN_UNDECLARED_SELECTOR = YES;
				GCC_WARN_UNINITIALIZED_AUTOS = YES_AGGRESSIVE;
				GCC_WARN_UNUSED_FUNCTION = YES;
				GCC_WARN_UNUSED_VARIABLE = YES;
				IPHONEOS_DEPLOYMENT_TARGET = 16.0;
				MTL_ENABLE_DEBUG_INFO = NO;
				MTL_FAST_MATH = YES;
				SDKROOT = iphoneos;
				SWIFT_COMPILATION_MODE = wholemodule;
				SWIFT_OPTIMIZATION_LEVEL = "-O";
				VALIDATE_PRODUCT = YES;
			};
			name = Release;
		};
		0CBABCE2298C5FC9005CC945 /* Debug */ = {
			isa = XCBuildConfiguration;
			buildSettings = {
				ASSETCATALOG_COMPILER_APPICON_NAME = AppIcon;
				ASSETCATALOG_COMPILER_GLOBAL_ACCENT_COLOR_NAME = AccentColor;
				CODE_SIGN_STYLE = Automatic;
				CURRENT_PROJECT_VERSION = 1;
				GENERATE_INFOPLIST_FILE = YES;
				INFOPLIST_FILE = CheckersApp/Info.plist;
				INFOPLIST_KEY_UIApplicationSupportsIndirectInputEvents = YES;
				INFOPLIST_KEY_UILaunchStoryboardName = LaunchScreen;
				INFOPLIST_KEY_UIMainStoryboardFile = Main;
				INFOPLIST_KEY_UISupportedInterfaceOrientations_iPad = "UIInterfaceOrientationPortrait UIInterfaceOrientationPortraitUpsideDown UIInterfaceOrientationLandscapeLeft UIInterfaceOrientationLandscapeRight";
				INFOPLIST_KEY_UISupportedInterfaceOrientations_iPhone = "UIInterfaceOrientationPortrait UIInterfaceOrientationLandscapeLeft UIInterfaceOrientationLandscapeRight";
				LD_RUNPATH_SEARCH_PATHS = (
					"$(inherited)",
					"@executable_path/Frameworks",
				);
				MARKETING_VERSION = 1.0;
				PRODUCT_BUNDLE_IDENTIFIER = com.humbertogrt.CheckersApp;
				PRODUCT_NAME = "$(TARGET_NAME)";
				SWIFT_EMIT_LOC_STRINGS = YES;
				SWIFT_VERSION = 5.0;
				TARGETED_DEVICE_FAMILY = "1,2";
			};
			name = Debug;
		};
		0CBABCE3298C5FC9005CC945 /* Release */ = {
			isa = XCBuildConfiguration;
			buildSettings = {
				ASSETCATALOG_COMPILER_APPICON_NAME = AppIcon;
				ASSETCATALOG_COMPILER_GLOBAL_ACCENT_COLOR_NAME = AccentColor;
				CODE_SIGN_STYLE = Automatic;
				CURRENT_PROJECT_VERSION = 1;
				GENERATE_INFOPLIST_FILE = YES;
				INFOPLIST_FILE = CheckersApp/Info.plist;
				INFOPLIST_KEY_UIApplicationSupportsIndirectInputEvents = YES;
				INFOPLIST_KEY_UILaunchStoryboardName = LaunchScreen;
				INFOPLIST_KEY_UIMainStoryboardFile = Main;
				INFOPLIST_KEY_UISupportedInterfaceOrientations_iPad = "UIInterfaceOrientationPortrait UIInterfaceOrientationPortraitUpsideDown UIInterfaceOrientationLandscapeLeft UIInterfaceOrientationLandscapeRight";
				INFOPLIST_KEY_UISupportedInterfaceOrientations_iPhone = "UIInterfaceOrientationPortrait UIInterfaceOrientationLandscapeLeft UIInterfaceOrientationLandscapeRight";
				LD_RUNPATH_SEARCH_PATHS = (
					"$(inherited)",
					"@executable_path/Frameworks",
				);
				MARKETING_VERSION = 1.0;
				PRODUCT_BUNDLE_IDENTIFIER = com.humbertogrt.CheckersApp;
				PRODUCT_NAME = "$(TARGET_NAME)";
				SWIFT_EMIT_LOC_STRINGS = YES;
				SWIFT_VERSION = 5.0;
				TARGETED_DEVICE_FAMILY = "1,2";
			};
			name = Release;
		};
/* End XCBuildConfiguration section */

/* Begin XCConfigurationList section */
		0CBABCC8298C5FC7005CC945 /* Build configuration list for PBXProject "CheckersApp" */ = {
			isa = XCConfigurationList;
			buildConfigurations = (
				0CBABCDF298C5FC9005CC945 /* Debug */,
				0CBABCE0298C5FC9005CC945 /* Release */,
			);
			defaultConfigurationIsVisible = 0;
			defaultConfigurationName = Release;
		};
		0CBABCE1298C5FC9005CC945 /* Build configuration list for PBXNativeTarget "CheckersApp" */ = {
			isa = XCConfigurationList;
			buildConfigurations = (
				0CBABCE2298C5FC9005CC945 /* Debug */,
				0CBABCE3298C5FC9005CC945 /* Release */,
			);
			defaultConfigurationIsVisible = 0;
			defaultConfigurationName = Release;
		};
/* End XCConfigurationList section */
	};
	rootObject = 0CBABCC5298C5FC7005CC945 /* Project object */;
}
